
Microsoft Visual Studio Solution File, Format Version 12.00
# Visual Studio 2012
Project("{FAE04EC0-301F-11D3-BF4B-00C04F79EFBC}") = "WebDesigner", "WebDesigner\WebDesigner.csproj", "{0EEBBF09-F6E9-441F-8151-20C9194EBF98}"
EndProject
Project("{FAE04EC0-301F-11D3-BF4B-00C04F79EFBC}") = "WebDesigner.Tests", "WebDesigner.Tests\WebDesigner.Tests.csproj", "{7C684227-15C4-4B71-8FAA-ADF3496F88D5}"
EndProject
Global
	GlobalSection(SolutionConfigurationPlatforms) = preSolution
		Debug|Any CPU = Debug|Any CPU
		Release|Any CPU = Release|Any CPU
	EndGlobalSection
	GlobalSection(ProjectConfigurationPlatforms) = postSolution
		{0EEBBF09-F6E9-441F-8151-20C9194EBF98}.Debug|Any CPU.ActiveCfg = Debug|Any CPU
		{0EEBBF09-F6E9-441F-8151-20C9194EBF98}.Debug|Any CPU.Build.0 = Debug|Any CPU
		{0EEBBF09-F6E9-441F-8151-20C9194EBF98}.Release|Any CPU.ActiveCfg = Release|Any CPU
		{0EEBBF09-F6E9-441F-8151-20C9194EBF98}.Release|Any CPU.Build.0 = Release|Any CPU
		{7C684227-15C4-4B71-8FAA-ADF3496F88D5}.Debug|Any CPU.ActiveCfg = Debug|Any CPU
		{7C684227-15C4-4B71-8FAA-ADF3496F88D5}.Debug|Any CPU.Build.0 = Debug|Any CPU
		{7C684227-15C4-4B71-8FAA-ADF3496F88D5}.Release|Any CPU.ActiveCfg = Release|Any CPU
		{7C684227-15C4-4B71-8FAA-ADF3496F88D5}.Release|Any CPU.Build.0 = Release|Any CPU
	EndGlobalSection
	GlobalSection(SolutionProperties) = preSolution
		HideSolutionNode = FALSE
	EndGlobalSection
EndGlobal
